
Microsoft Visual Studio Solution File, Format Version 12.00
# Visual Studio Version 17
VisualStudioVersion = 17.5.002.0
MinimumVisualStudioVersion = 10.0.40219.1
Project("{9A19103F-16F7-4668-BE54-9A1E7A4F7556}") = "Demo67848", "Demo67848.csproj", "{856FD7FE-EC0A-4EB3-A3B3-251C0AFC95D8}"
EndProject
Global
	GlobalSection(SolutionConfigurationPlatforms) = preSolution
		Debug|Any CPU = Debug|Any CPU
		Release|Any CPU = Release|Any CPU
	EndGlobalSection
	GlobalSection(ProjectConfigurationPlatforms) = postSolution
		{856FD7FE-EC0A-4EB3-A3B3-251C0AFC95D8}.Debug|Any CPU.ActiveCfg = Debug|Any CPU
		{856FD7FE-EC0A-4EB3-A3B3-251C0AFC95D8}.Debug|Any CPU.Build.0 = Debug|Any CPU
		{856FD7FE-EC0A-4EB3-A3B3-251C0AFC95D8}.Release|Any CPU.ActiveCfg = Release|Any CPU
		{856FD7FE-EC0A-4EB3-A3B3-251C0AFC95D8}.Release|Any CPU.Build.0 = Release|Any CPU
	EndGlobalSection
	GlobalSection(SolutionProperties) = preSolution
		HideSolutionNode = FALSE
	EndGlobalSection
	GlobalSection(ExtensibilityGlobals) = postSolution
		SolutionGuid = {F798713A-A24F-4A82-9B57-0BB9DE82D787}
	EndGlobalSection
EndGlobal
